
Microsoft Visual Studio Solution File, Format Version 12.00
# Visual Studio Version 17
VisualStudioVersion = 17.1.32228.430
MinimumVisualStudioVersion = 10.0.40219.1
Project("{FAE04EC0-301F-11D3-BF4B-00C04F79EFBC}") = "ONI Rebalancing Mod", "ONI Rebalancing Mod.csproj", "{ADD11094-90AB-4A4E-A917-E8B73F32F90C}"
EndProject
Project("{FAE04EC0-301F-11D3-BF4B-00C04F79EFBC}") = "ONI-Disassembly", "..\..\disassembly\ONI-Disassembly\ONI-Disassembly.csproj", "{04FDF03A-3814-4C1A-A65C-5B998301C578}"
EndProject
Global
	GlobalSection(SolutionConfigurationPlatforms) = preSolution
		Debug|Any CPU = Debug|Any CPU
		Release|Any CPU = Release|Any CPU
	EndGlobalSection
	GlobalSection(ProjectConfigurationPlatforms) = postSolution
		{ADD11094-90AB-4A4E-A917-E8B73F32F90C}.Debug|Any CPU.ActiveCfg = Debug|Any CPU
		{ADD11094-90AB-4A4E-A917-E8B73F32F90C}.Debug|Any CPU.Build.0 = Debug|Any CPU
		{ADD11094-90AB-4A4E-A917-E8B73F32F90C}.Release|Any CPU.ActiveCfg = Release|Any CPU
		{ADD11094-90AB-4A4E-A917-E8B73F32F90C}.Release|Any CPU.Build.0 = Release|Any CPU
		{04FDF03A-3814-4C1A-A65C-5B998301C578}.Debug|Any CPU.ActiveCfg = Debug|Any CPU
		{04FDF03A-3814-4C1A-A65C-5B998301C578}.Debug|Any CPU.Build.0 = Debug|Any CPU
		{04FDF03A-3814-4C1A-A65C-5B998301C578}.Release|Any CPU.ActiveCfg = Release|Any CPU
		{04FDF03A-3814-4C1A-A65C-5B998301C578}.Release|Any CPU.Build.0 = Release|Any CPU
	EndGlobalSection
	GlobalSection(SolutionProperties) = preSolution
		HideSolutionNode = FALSE
	EndGlobalSection
	GlobalSection(ExtensibilityGlobals) = postSolution
		SolutionGuid = {ED4F807E-7931-4B06-9261-698559EFD32E}
	EndGlobalSection
EndGlobal
